
Microsoft Visual Studio Solution File, Format Version 12.00
# Visual Studio Version 17
VisualStudioVersion = 17.11.35222.181
MinimumVisualStudioVersion = 10.0.40219.1
Project("{9A19103F-16F7-4668-BE54-9A1E7A4F7556}") = "Laboratorio #1", "Laboratorio #1\Laboratorio #1.csproj", "{0C4E3CD4-9DD8-4DCD-96F4-B14A61E317A7}"
EndProject
Project("{2150E333-8FDC-42A3-9474-1A3956D46DE8}") = "Laboratorio #3", "Laboratorio #3", "{ADA5305D-6F1B-421E-BBF8-70436B78AAAE}"
EndProject
Project("{9A19103F-16F7-4668-BE54-9A1E7A4F7556}") = "Laboratorio - Ejemplo", "Prueba\Laboratorio - Ejemplo.csproj", "{C740D751-3C4D-4101-9755-72531071C804}"
EndProject
Project("{9A19103F-16F7-4668-BE54-9A1E7A4F7556}") = "Laboratorio #3.1", "Prueba2\Laboratorio #3.1.csproj", "{964260D5-590F-46B0-BA5E-564858F7AFD4}"
EndProject
Project("{9A19103F-16F7-4668-BE54-9A1E7A4F7556}") = "Laboratorio #3.2", "Laboratorio #3.2\Laboratorio #3.2.csproj", "{90F6ED21-F840-47F7-BA8A-6C0EC92C3914}"
EndProject
Project("{9A19103F-16F7-4668-BE54-9A1E7A4F7556}") = "Laboratorio #3.3", "Laboratorio #3.3\Laboratorio #3.3.csproj", "{A8EA0ED0-4A4B-4527-BBD0-9AA9B15C6445}"
EndProject
Project("{2150E333-8FDC-42A3-9474-1A3956D46DE8}") = "Laboratorio #2", "Laboratorio #2", "{A04E4C52-01E4-47C4-9103-E8ABD2A615CD}"
EndProject
Project("{9A19103F-16F7-4668-BE54-9A1E7A4F7556}") = "Problema #1", "Problema #1\Problema #1.csproj", "{85EB3D05-0311-4D30-AEF9-A236D76390C5}"
EndProject
Project("{9A19103F-16F7-4668-BE54-9A1E7A4F7556}") = "Problema #2", "Problema #2\Problema #2.csproj", "{0499120D-812D-4FDF-A7E8-1981E6EAD0C7}"
EndProject
Project("{2150E333-8FDC-42A3-9474-1A3956D46DE8}") = "Laboratorio #4", "Laboratorio #4", "{D3EB085B-6452-451C-9191-EF8A34429C55}"
EndProject
Project("{9A19103F-16F7-4668-BE54-9A1E7A4F7556}") = "Problema #4.1", "Laboratorio #4.1\Problema #4.1.csproj", "{ECFE18D4-8F8A-4646-8FE4-13E460DAFAFB}"
EndProject
Project("{9A19103F-16F7-4668-BE54-9A1E7A4F7556}") = "Problema #4.2", "Problema #4.2\Problema #4.2.csproj", "{8A99B51B-4A8B-4177-9137-D518D536234C}"
EndProject
Project("{9A19103F-16F7-4668-BE54-9A1E7A4F7556}") = "Problema #4.3", "Problema #4.3\Problema #4.3.csproj", "{5F390395-2725-4084-88E1-D09AC3B8A957}"
EndProject
Project("{9A19103F-16F7-4668-BE54-9A1E7A4F7556}") = "Problema #4.4", "Problema #4.4\Problema #4.4.csproj", "{2289F3F1-1EEA-4DA3-9D1D-91B3DE7E5FD5}"
EndProject
Project("{9A19103F-16F7-4668-BE54-9A1E7A4F7556}") = "Problema #4.5", "Problema #4.5\Problema #4.5.csproj", "{F31A0AAD-4C5A-4BCE-8224-A7B923A8EB60}"
EndProject
Project("{9A19103F-16F7-4668-BE54-9A1E7A4F7556}") = "Problema #4.6", "Problema #4.6\Problema #4.6.csproj", "{7AE3CC18-DBBC-44C8-8E41-C9C0D50D93EC}"
EndProject
Project("{9A19103F-16F7-4668-BE54-9A1E7A4F7556}") = "Problema #4.7", "Problema #4.7\Problema #4.7.csproj", "{A4FAB12A-F99F-48FC-8D39-2C89370B3977}"
EndProject
Project("{2150E333-8FDC-42A3-9474-1A3956D46DE8}") = "Laboratorio #5", "Laboratorio #5", "{B7FB5127-FF42-44EE-BF37-30F8185435CC}"
EndProject
Project("{2150E333-8FDC-42A3-9474-1A3956D46DE8}") = "Laboratorio #1", "Laboratorio #1", "{B09A7BF6-E5F6-476F-80F5-CB1EABB923BE}"
EndProject
Project("{9A19103F-16F7-4668-BE54-9A1E7A4F7556}") = "Problema #5.1", "Problema #5.1\Problema #5.1.csproj", "{4427C378-EDB6-471F-BCE6-1F486D1BF216}"
EndProject
Project("{9A19103F-16F7-4668-BE54-9A1E7A4F7556}") = "Problema #5.2", "Problema #5.2\Problema #5.2.csproj", "{BB9382A7-6744-473E-B1C5-6EF9445C616F}"
EndProject
Project("{9A19103F-16F7-4668-BE54-9A1E7A4F7556}") = "Problema #5.3", "Problema #5.3\Problema #5.3.csproj", "{4A834D30-3C4B-465A-AD49-C19E0D4C40FD}"
EndProject
Project("{9A19103F-16F7-4668-BE54-9A1E7A4F7556}") = "Problema #5.4", "Problema #5.4\Problema #5.4.csproj", "{EAD11610-FDBB-46CE-AF8C-CBB486289811}"
EndProject
Project("{9A19103F-16F7-4668-BE54-9A1E7A4F7556}") = "Problema #5.5", "Problema #5.5\Problema #5.5.csproj", "{F909BCB1-14A8-4F7F-908B-2D4D730BE0C4}"
EndProject
Project("{9A19103F-16F7-4668-BE54-9A1E7A4F7556}") = "Problema #5.6", "Problema #5.6\Problema #5.6.csproj", "{BB6C14A2-A096-4CE4-B9D6-8B46D20DE7D3}"
EndProject
Project("{2150E333-8FDC-42A3-9474-1A3956D46DE8}") = "Laboratorio #6", "Laboratorio #6", "{8C4E37C7-0795-49F9-A68E-3B446596C224}"
EndProject
Project("{9A19103F-16F7-4668-BE54-9A1E7A4F7556}") = "Laboratorio #6.1", "Laboratorio #6.1\Laboratorio #6.1.csproj", "{9EDBF51F-DE3E-4C6D-81DD-F308EFA9C94D}"
EndProject
Project("{9A19103F-16F7-4668-BE54-9A1E7A4F7556}") = "Laboratorio #6.2", "Laboratorio #6.2\Laboratorio #6.2.csproj", "{CDF25CA3-5479-4837-9349-7ABA40B38639}"
EndProject
Project("{9A19103F-16F7-4668-BE54-9A1E7A4F7556}") = "Laboratorio #6.3", "Laboratorio #6.3\Laboratorio #6.3.csproj", "{DAEF44FB-FB7E-4F1E-8D17-91CA25A1E77B}"
EndProject
Project("{9A19103F-16F7-4668-BE54-9A1E7A4F7556}") = "Laboratorio #6.4", "Laboratorio #6.4\Laboratorio #6.4.csproj", "{0EAF3E2F-B248-44EB-B7E9-7EDE13EE2AA5}"
EndProject
Project("{2150E333-8FDC-42A3-9474-1A3956D46DE8}") = "Laboratorio #7", "Laboratorio #7", "{32DAA1BA-C572-4AD3-AABD-C5BD9F07B89B}"
EndProject
Project("{9A19103F-16F7-4668-BE54-9A1E7A4F7556}") = "Laboratorio #7.1", "Laboratorio #7.1\Laboratorio #7.1.csproj", "{1B881C0B-60CB-4536-A4F5-059714C97E8B}"
EndProject
Project("{9A19103F-16F7-4668-BE54-9A1E7A4F7556}") = "Laboratorio #7.2", "Laboratorio #7.2\Laboratorio #7.2.csproj", "{C74F7543-85F5-46AE-A8D4-30A5511FC796}"
EndProject
Project("{2150E333-8FDC-42A3-9474-1A3956D46DE8}") = "Laboratorio #9", "Laboratorio #9", "{D24F96CA-24A6-4E63-A397-46C80E9CDFE6}"
EndProject
Project("{9A19103F-16F7-4668-BE54-9A1E7A4F7556}") = "Problema #9.1", "Problema #9.1\Problema #9.1.csproj", "{95E9C646-191C-4D57-B322-8942DE33B869}"
EndProject
Project("{9A19103F-16F7-4668-BE54-9A1E7A4F7556}") = "Problema #9.2", "Problema #9.2\Problema #9.2.csproj", "{D3D3AB76-5AB6-4ECC-9278-08A6B6C1242B}"
EndProject
Project("{9A19103F-16F7-4668-BE54-9A1E7A4F7556}") = "Problema #9.3", "Problema #9.3\Problema #9.3.csproj", "{51B36493-8C6B-44CB-A666-B8DBABAB26CF}"
EndProject
Project("{9A19103F-16F7-4668-BE54-9A1E7A4F7556}") = "Problema #9.4", "Problema #9.4\Problema #9.4.csproj", "{AA2B27E8-D9D1-4F14-B1E1-3C9707E8E664}"
EndProject
Project("{9A19103F-16F7-4668-BE54-9A1E7A4F7556}") = "Problema #9.5", "Problema #9.5\Problema #9.5.csproj", "{C701E146-5B7F-4E3E-8011-68E0D8A318BF}"
EndProject
Project("{2150E333-8FDC-42A3-9474-1A3956D46DE8}") = "Laboratorio #11", "Laboratorio #11", "{492CB1CC-5BFF-469D-8069-D9DB2E8868A3}"
EndProject
Project("{FAE04EC0-301F-11D3-BF4B-00C04F79EFBC}") = "Problema #1.11", "Problema #1.11\Problema #1.11.csproj", "{CE6FB4FC-1103-472B-B0AD-794372C9656B}"
EndProject
Project("{2150E333-8FDC-42A3-9474-1A3956D46DE8}") = "Laboratorio #8", "Laboratorio #8", "{EE6A0B78-74A0-431D-8754-18609251524F}"
EndProject
Project("{9A19103F-16F7-4668-BE54-9A1E7A4F7556}") = "Laboratorio #8.1", "Laboratorio #8.1\Laboratorio #8.1.csproj", "{9E5280EF-7C04-4FEE-A2E5-4F477F67D1BD}"
EndProject
Project("{9A19103F-16F7-4668-BE54-9A1E7A4F7556}") = "Laboratorio #8.2", "Laboratorio #8.2\Laboratorio #8.2.csproj", "{A2DC1328-47D3-4E42-8E34-B860F1A7ADB0}"
EndProject
Project("{9A19103F-16F7-4668-BE54-9A1E7A4F7556}") = "Laboratorio #8.3", "Laboratorio #8.3\Laboratorio #8.3.csproj", "{C686F807-6CFE-4044-9A09-96C847C05639}"
EndProject
Project("{9A19103F-16F7-4668-BE54-9A1E7A4F7556}") = "Laboratorio #8.4", "Laboratorio #8.4\Laboratorio #8.4.csproj", "{5ED93C6C-67B2-4FCC-92E7-B384A0993EEF}"
EndProject
Project("{9A19103F-16F7-4668-BE54-9A1E7A4F7556}") = "Laboratorio #8.5", "Laboratorio #8.5\Laboratorio #8.5.csproj", "{1D9C0FB5-C42D-4056-891B-F602EE5567DD}"
EndProject
Project("{9A19103F-16F7-4668-BE54-9A1E7A4F7556}") = "Laboratorio #8.6", "Laboratorio #8.6\Laboratorio #8.6.csproj", "{32B7D96D-9EA4-48CA-B927-485BEE32D491}"
EndProject
Project("{9A19103F-16F7-4668-BE54-9A1E7A4F7556}") = "Laboratorio #8.7", "Laboratorio #8.7\Laboratorio #8.7.csproj", "{571654DF-1260-4ED9-BF18-48ECD26891CB}"
EndProject
Project("{9A19103F-16F7-4668-BE54-9A1E7A4F7556}") = "Laboratorio #8.8", "Laboratorio #8.8\Laboratorio #8.8.csproj", "{F2FAE477-69A2-48CD-892F-CA61FC8E51AD}"
EndProject
Project("{9A19103F-16F7-4668-BE54-9A1E7A4F7556}") = "Laboratorio #8.9", "Laboratorio #8.9\Laboratorio #8.9.csproj", "{B34F746B-42B1-4857-8592-B249C1F6AF22}"
EndProject
Project("{2150E333-8FDC-42A3-9474-1A3956D46DE8}") = "Laboratorio #10", "Laboratorio #10", "{1D0CE0C2-5F55-48F1-B390-64568831020E}"
EndProject
Project("{F184B08F-C81C-45F6-A57F-5ABD9991F28F}") = "Laboratorio #10.1", "Laboratorio #10.1\Laboratorio #10.1.vbproj", "{5CF6536F-5BEF-43AB-AA9F-B18AE2BA74B6}"
EndProject
Project("{F184B08F-C81C-45F6-A57F-5ABD9991F28F}") = "Laboratorio #10.2", "Laboratorio #10.2\Laboratorio #10.2.vbproj", "{B4C16C5B-D37B-4D0F-A24C-8FCC3995B596}"
EndProject
Project("{F184B08F-C81C-45F6-A57F-5ABD9991F28F}") = "Laboratorio #10.3", "Laboratorio #10.3\Laboratorio #10.3.vbproj", "{206DF5CA-415E-4FAB-B58A-1136D441EF07}"
EndProject
Project("{F184B08F-C81C-45F6-A57F-5ABD9991F28F}") = "Laboratorio #10.4", "Laboratorio #10.4\Laboratorio #10.4.vbproj", "{F1989D75-8DC3-437D-8AAA-F6C70658FAD5}"
EndProject
Project("{2150E333-8FDC-42A3-9474-1A3956D46DE8}") = "Laboratorio #12", "Laboratorio #12", "{DC185965-F590-4441-929C-415D21079AC0}"
EndProject
Project("{FAE04EC0-301F-11D3-BF4B-00C04F79EFBC}") = "Laboratorio #12.1", "Laboratorio #12.1\Laboratorio #12.1.csproj", "{8461D26C-1756-4095-832C-CCA0C3E89FF1}"
EndProject
Project("{FAE04EC0-301F-11D3-BF4B-00C04F79EFBC}") = "Laboratorio #12.2", "Laboratorio #12.2\Laboratorio #12.2.csproj", "{103171A3-A7C8-4A2A-B1B4-D2A6CF0B65EA}"
EndProject
Project("{FAE04EC0-301F-11D3-BF4B-00C04F79EFBC}") = "Laboratorio #12.3", "Laboratorio #12.3\Laboratorio #12.3.csproj", "{84B94052-DAF6-4B60-AB9D-7DEC2A04B16C}"
EndProject
Project("{2150E333-8FDC-42A3-9474-1A3956D46DE8}") = "Laboratorio #13", "Laboratorio #13", "{40884571-DF8F-4DC8-B1A0-9BFFB8CA4BEE}"
EndProject
Project("{FAE04EC0-301F-11D3-BF4B-00C04F79EFBC}") = "Laboratorio #13.1", "Laboratorio #13.1\Laboratorio #13.1.csproj", "{344FD795-6CB1-4D49-BC2F-B9520400BA41}"
EndProject
Project("{2150E333-8FDC-42A3-9474-1A3956D46DE8}") = "Laboratorio #14", "Laboratorio #14", "{5DD343E9-E73B-4C70-845E-EC5DC44D2E8F}"
EndProject
Project("{FAE04EC0-301F-11D3-BF4B-00C04F79EFBC}") = "Laboratorio #14.1", "Laboratorio #14.1\Laboratorio #14.1.csproj", "{1800077B-C892-4E2C-ABEC-B80F725DA225}"
EndProject
Global
	GlobalSection(SolutionConfigurationPlatforms) = preSolution
		Debug|Any CPU = Debug|Any CPU
		Release|Any CPU = Release|Any CPU
	EndGlobalSection
	GlobalSection(ProjectConfigurationPlatforms) = postSolution
		{0C4E3CD4-9DD8-4DCD-96F4-B14A61E317A7}.Debug|Any CPU.ActiveCfg = Debug|Any CPU
		{0C4E3CD4-9DD8-4DCD-96F4-B14A61E317A7}.Debug|Any CPU.Build.0 = Debug|Any CPU
		{0C4E3CD4-9DD8-4DCD-96F4-B14A61E317A7}.Release|Any CPU.ActiveCfg = Release|Any CPU
		{0C4E3CD4-9DD8-4DCD-96F4-B14A61E317A7}.Release|Any CPU.Build.0 = Release|Any CPU
		{C740D751-3C4D-4101-9755-72531071C804}.Debug|Any CPU.ActiveCfg = Debug|Any CPU
		{C740D751-3C4D-4101-9755-72531071C804}.Debug|Any CPU.Build.0 = Debug|Any CPU
		{C740D751-3C4D-4101-9755-72531071C804}.Release|Any CPU.ActiveCfg = Release|Any CPU
		{C740D751-3C4D-4101-9755-72531071C804}.Release|Any CPU.Build.0 = Release|Any CPU
		{964260D5-590F-46B0-BA5E-564858F7AFD4}.Debug|Any CPU.ActiveCfg = Debug|Any CPU
		{964260D5-590F-46B0-BA5E-564858F7AFD4}.Debug|Any CPU.Build.0 = Debug|Any CPU
		{964260D5-590F-46B0-BA5E-564858F7AFD4}.Release|Any CPU.ActiveCfg = Release|Any CPU
		{964260D5-590F-46B0-BA5E-564858F7AFD4}.Release|Any CPU.Build.0 = Release|Any CPU
		{90F6ED21-F840-47F7-BA8A-6C0EC92C3914}.Debug|Any CPU.ActiveCfg = Debug|Any CPU
		{90F6ED21-F840-47F7-BA8A-6C0EC92C3914}.Debug|Any CPU.Build.0 = Debug|Any CPU
		{90F6ED21-F840-47F7-BA8A-6C0EC92C3914}.Release|Any CPU.ActiveCfg = Release|Any CPU
		{90F6ED21-F840-47F7-BA8A-6C0EC92C3914}.Release|Any CPU.Build.0 = Release|Any CPU
		{A8EA0ED0-4A4B-4527-BBD0-9AA9B15C6445}.Debug|Any CPU.ActiveCfg = Debug|Any CPU
		{A8EA0ED0-4A4B-4527-BBD0-9AA9B15C6445}.Debug|Any CPU.Build.0 = Debug|Any CPU
		{A8EA0ED0-4A4B-4527-BBD0-9AA9B15C6445}.Release|Any CPU.ActiveCfg = Release|Any CPU
		{A8EA0ED0-4A4B-4527-BBD0-9AA9B15C6445}.Release|Any CPU.Build.0 = Release|Any CPU
		{85EB3D05-0311-4D30-AEF9-A236D76390C5}.Debug|Any CPU.ActiveCfg = Debug|Any CPU
		{85EB3D05-0311-4D30-AEF9-A236D76390C5}.Debug|Any CPU.Build.0 = Debug|Any CPU
		{85EB3D05-0311-4D30-AEF9-A236D76390C5}.Release|Any CPU.ActiveCfg = Release|Any CPU
		{85EB3D05-0311-4D30-AEF9-A236D76390C5}.Release|Any CPU.Build.0 = Release|Any CPU
		{0499120D-812D-4FDF-A7E8-1981E6EAD0C7}.Debug|Any CPU.ActiveCfg = Debug|Any CPU
		{0499120D-812D-4FDF-A7E8-1981E6EAD0C7}.Debug|Any CPU.Build.0 = Debug|Any CPU
		{0499120D-812D-4FDF-A7E8-1981E6EAD0C7}.Release|Any CPU.ActiveCfg = Release|Any CPU
		{0499120D-812D-4FDF-A7E8-1981E6EAD0C7}.Release|Any CPU.Build.0 = Release|Any CPU
		{ECFE18D4-8F8A-4646-8FE4-13E460DAFAFB}.Debug|Any CPU.ActiveCfg = Debug|Any CPU
		{ECFE18D4-8F8A-4646-8FE4-13E460DAFAFB}.Debug|Any CPU.Build.0 = Debug|Any CPU
		{ECFE18D4-8F8A-4646-8FE4-13E460DAFAFB}.Release|Any CPU.ActiveCfg = Release|Any CPU
		{ECFE18D4-8F8A-4646-8FE4-13E460DAFAFB}.Release|Any CPU.Build.0 = Release|Any CPU
		{8A99B51B-4A8B-4177-9137-D518D536234C}.Debug|Any CPU.ActiveCfg = Debug|Any CPU
		{8A99B51B-4A8B-4177-9137-D518D536234C}.Debug|Any CPU.Build.0 = Debug|Any CPU
		{8A99B51B-4A8B-4177-9137-D518D536234C}.Release|Any CPU.ActiveCfg = Release|Any CPU
		{8A99B51B-4A8B-4177-9137-D518D536234C}.Release|Any CPU.Build.0 = Release|Any CPU
		{5F390395-2725-4084-88E1-D09AC3B8A957}.Debug|Any CPU.ActiveCfg = Debug|Any CPU
		{5F390395-2725-4084-88E1-D09AC3B8A957}.Debug|Any CPU.Build.0 = Debug|Any CPU
		{5F390395-2725-4084-88E1-D09AC3B8A957}.Release|Any CPU.ActiveCfg = Release|Any CPU
		{5F390395-2725-4084-88E1-D09AC3B8A957}.Release|Any CPU.Build.0 = Release|Any CPU
		{2289F3F1-1EEA-4DA3-9D1D-91B3DE7E5FD5}.Debug|Any CPU.ActiveCfg = Debug|Any CPU
		{2289F3F1-1EEA-4DA3-9D1D-91B3DE7E5FD5}.Debug|Any CPU.Build.0 = Debug|Any CPU
		{2289F3F1-1EEA-4DA3-9D1D-91B3DE7E5FD5}.Release|Any CPU.ActiveCfg = Release|Any CPU
		{2289F3F1-1EEA-4DA3-9D1D-91B3DE7E5FD5}.Release|Any CPU.Build.0 = Release|Any CPU
		{F31A0AAD-4C5A-4BCE-8224-A7B923A8EB60}.Debug|Any CPU.ActiveCfg = Debug|Any CPU
		{F31A0AAD-4C5A-4BCE-8224-A7B923A8EB60}.Debug|Any CPU.Build.0 = Debug|Any CPU
		{F31A0AAD-4C5A-4BCE-8224-A7B923A8EB60}.Release|Any CPU.ActiveCfg = Release|Any CPU
		{F31A0AAD-4C5A-4BCE-8224-A7B923A8EB60}.Release|Any CPU.Build.0 = Release|Any CPU
		{7AE3CC18-DBBC-44C8-8E41-C9C0D50D93EC}.Debug|Any CPU.ActiveCfg = Debug|Any CPU
		{7AE3CC18-DBBC-44C8-8E41-C9C0D50D93EC}.Debug|Any CPU.Build.0 = Debug|Any CPU
		{7AE3CC18-DBBC-44C8-8E41-C9C0D50D93EC}.Release|Any CPU.ActiveCfg = Release|Any CPU
		{7AE3CC18-DBBC-44C8-8E41-C9C0D50D93EC}.Release|Any CPU.Build.0 = Release|Any CPU
		{A4FAB12A-F99F-48FC-8D39-2C89370B3977}.Debug|Any CPU.ActiveCfg = Debug|Any CPU
		{A4FAB12A-F99F-48FC-8D39-2C89370B3977}.Debug|Any CPU.Build.0 = Debug|Any CPU
		{A4FAB12A-F99F-48FC-8D39-2C89370B3977}.Release|Any CPU.ActiveCfg = Release|Any CPU
		{A4FAB12A-F99F-48FC-8D39-2C89370B3977}.Release|Any CPU.Build.0 = Release|Any CPU
		{4427C378-EDB6-471F-BCE6-1F486D1BF216}.Debug|Any CPU.ActiveCfg = Debug|Any CPU
		{4427C378-EDB6-471F-BCE6-1F486D1BF216}.Debug|Any CPU.Build.0 = Debug|Any CPU
		{4427C378-EDB6-471F-BCE6-1F486D1BF216}.Release|Any CPU.ActiveCfg = Release|Any CPU
		{4427C378-EDB6-471F-BCE6-1F486D1BF216}.Release|Any CPU.Build.0 = Release|Any CPU
		{BB9382A7-6744-473E-B1C5-6EF9445C616F}.Debug|Any CPU.ActiveCfg = Debug|Any CPU
		{BB9382A7-6744-473E-B1C5-6EF9445C616F}.Debug|Any CPU.Build.0 = Debug|Any CPU
		{BB9382A7-6744-473E-B1C5-6EF9445C616F}.Release|Any CPU.ActiveCfg = Release|Any CPU
		{BB9382A7-6744-473E-B1C5-6EF9445C616F}.Release|Any CPU.Build.0 = Release|Any CPU
		{4A834D30-3C4B-465A-AD49-C19E0D4C40FD}.Debug|Any CPU.ActiveCfg = Debug|Any CPU
		{4A834D30-3C4B-465A-AD49-C19E0D4C40FD}.Debug|Any CPU.Build.0 = Debug|Any CPU
		{4A834D30-3C4B-465A-AD49-C19E0D4C40FD}.Release|Any CPU.ActiveCfg = Release|Any CPU
		{4A834D30-3C4B-465A-AD49-C19E0D4C40FD}.Release|Any CPU.Build.0 = Release|Any CPU
		{EAD11610-FDBB-46CE-AF8C-CBB486289811}.Debug|Any CPU.ActiveCfg = Debug|Any CPU
		{EAD11610-FDBB-46CE-AF8C-CBB486289811}.Debug|Any CPU.Build.0 = Debug|Any CPU
		{EAD11610-FDBB-46CE-AF8C-CBB486289811}.Release|Any CPU.ActiveCfg = Release|Any CPU
		{EAD11610-FDBB-46CE-AF8C-CBB486289811}.Release|Any CPU.Build.0 = Release|Any CPU
		{F909BCB1-14A8-4F7F-908B-2D4D730BE0C4}.Debug|Any CPU.ActiveCfg = Debug|Any CPU
		{F909BCB1-14A8-4F7F-908B-2D4D730BE0C4}.Debug|Any CPU.Build.0 = Debug|Any CPU
		{F909BCB1-14A8-4F7F-908B-2D4D730BE0C4}.Release|Any CPU.ActiveCfg = Release|Any CPU
		{F909BCB1-14A8-4F7F-908B-2D4D730BE0C4}.Release|Any CPU.Build.0 = Release|Any CPU
		{BB6C14A2-A096-4CE4-B9D6-8B46D20DE7D3}.Debug|Any CPU.ActiveCfg = Debug|Any CPU
		{BB6C14A2-A096-4CE4-B9D6-8B46D20DE7D3}.Debug|Any CPU.Build.0 = Debug|Any CPU
		{BB6C14A2-A096-4CE4-B9D6-8B46D20DE7D3}.Release|Any CPU.ActiveCfg = Release|Any CPU
		{BB6C14A2-A096-4CE4-B9D6-8B46D20DE7D3}.Release|Any CPU.Build.0 = Release|Any CPU
		{9EDBF51F-DE3E-4C6D-81DD-F308EFA9C94D}.Debug|Any CPU.ActiveCfg = Debug|Any CPU
		{9EDBF51F-DE3E-4C6D-81DD-F308EFA9C94D}.Debug|Any CPU.Build.0 = Debug|Any CPU
		{9EDBF51F-DE3E-4C6D-81DD-F308EFA9C94D}.Release|Any CPU.ActiveCfg = Release|Any CPU
		{9EDBF51F-DE3E-4C6D-81DD-F308EFA9C94D}.Release|Any CPU.Build.0 = Release|Any CPU
		{CDF25CA3-5479-4837-9349-7ABA40B38639}.Debug|Any CPU.ActiveCfg = Debug|Any CPU
		{CDF25CA3-5479-4837-9349-7ABA40B38639}.Debug|Any CPU.Build.0 = Debug|Any CPU
		{CDF25CA3-5479-4837-9349-7ABA40B38639}.Release|Any CPU.ActiveCfg = Release|Any CPU
		{CDF25CA3-5479-4837-9349-7ABA40B38639}.Release|Any CPU.Build.0 = Release|Any CPU
		{DAEF44FB-FB7E-4F1E-8D17-91CA25A1E77B}.Debug|Any CPU.ActiveCfg = Debug|Any CPU
		{DAEF44FB-FB7E-4F1E-8D17-91CA25A1E77B}.Debug|Any CPU.Build.0 = Debug|Any CPU
		{DAEF44FB-FB7E-4F1E-8D17-91CA25A1E77B}.Release|Any CPU.ActiveCfg = Release|Any CPU
		{DAEF44FB-FB7E-4F1E-8D17-91CA25A1E77B}.Release|Any CPU.Build.0 = Release|Any CPU
		{0EAF3E2F-B248-44EB-B7E9-7EDE13EE2AA5}.Debug|Any CPU.ActiveCfg = Debug|Any CPU
		{0EAF3E2F-B248-44EB-B7E9-7EDE13EE2AA5}.Debug|Any CPU.Build.0 = Debug|Any CPU
		{0EAF3E2F-B248-44EB-B7E9-7EDE13EE2AA5}.Release|Any CPU.ActiveCfg = Release|Any CPU
		{0EAF3E2F-B248-44EB-B7E9-7EDE13EE2AA5}.Release|Any CPU.Build.0 = Release|Any CPU
		{1B881C0B-60CB-4536-A4F5-059714C97E8B}.Debug|Any CPU.ActiveCfg = Debug|Any CPU
		{1B881C0B-60CB-4536-A4F5-059714C97E8B}.Debug|Any CPU.Build.0 = Debug|Any CPU
		{1B881C0B-60CB-4536-A4F5-059714C97E8B}.Release|Any CPU.ActiveCfg = Release|Any CPU
		{1B881C0B-60CB-4536-A4F5-059714C97E8B}.Release|Any CPU.Build.0 = Release|Any CPU
		{C74F7543-85F5-46AE-A8D4-30A5511FC796}.Debug|Any CPU.ActiveCfg = Debug|Any CPU
		{C74F7543-85F5-46AE-A8D4-30A5511FC796}.Debug|Any CPU.Build.0 = Debug|Any CPU
		{C74F7543-85F5-46AE-A8D4-30A5511FC796}.Release|Any CPU.ActiveCfg = Release|Any CPU
		{C74F7543-85F5-46AE-A8D4-30A5511FC796}.Release|Any CPU.Build.0 = Release|Any CPU
		{95E9C646-191C-4D57-B322-8942DE33B869}.Debug|Any CPU.ActiveCfg = Debug|Any CPU
		{95E9C646-191C-4D57-B322-8942DE33B869}.Debug|Any CPU.Build.0 = Debug|Any CPU
		{95E9C646-191C-4D57-B322-8942DE33B869}.Release|Any CPU.ActiveCfg = Release|Any CPU
		{95E9C646-191C-4D57-B322-8942DE33B869}.Release|Any CPU.Build.0 = Release|Any CPU
		{D3D3AB76-5AB6-4ECC-9278-08A6B6C1242B}.Debug|Any CPU.ActiveCfg = Debug|Any CPU
		{D3D3AB76-5AB6-4ECC-9278-08A6B6C1242B}.Debug|Any CPU.Build.0 = Debug|Any CPU
		{D3D3AB76-5AB6-4ECC-9278-08A6B6C1242B}.Release|Any CPU.ActiveCfg = Release|Any CPU
		{D3D3AB76-5AB6-4ECC-9278-08A6B6C1242B}.Release|Any CPU.Build.0 = Release|Any CPU
		{51B36493-8C6B-44CB-A666-B8DBABAB26CF}.Debug|Any CPU.ActiveCfg = Debug|Any CPU
		{51B36493-8C6B-44CB-A666-B8DBABAB26CF}.Debug|Any CPU.Build.0 = Debug|Any CPU
		{51B36493-8C6B-44CB-A666-B8DBABAB26CF}.Release|Any CPU.ActiveCfg = Release|Any CPU
		{51B36493-8C6B-44CB-A666-B8DBABAB26CF}.Release|Any CPU.Build.0 = Release|Any CPU
		{AA2B27E8-D9D1-4F14-B1E1-3C9707E8E664}.Debug|Any CPU.ActiveCfg = Debug|Any CPU
		{AA2B27E8-D9D1-4F14-B1E1-3C9707E8E664}.Debug|Any CPU.Build.0 = Debug|Any CPU
		{AA2B27E8-D9D1-4F14-B1E1-3C9707E8E664}.Release|Any CPU.ActiveCfg = Release|Any CPU
		{AA2B27E8-D9D1-4F14-B1E1-3C9707E8E664}.Release|Any CPU.Build.0 = Release|Any CPU
		{C701E146-5B7F-4E3E-8011-68E0D8A318BF}.Debug|Any CPU.ActiveCfg = Debug|Any CPU
		{C701E146-5B7F-4E3E-8011-68E0D8A318BF}.Debug|Any CPU.Build.0 = Debug|Any CPU
		{C701E146-5B7F-4E3E-8011-68E0D8A318BF}.Release|Any CPU.ActiveCfg = Release|Any CPU
		{C701E146-5B7F-4E3E-8011-68E0D8A318BF}.Release|Any CPU.Build.0 = Release|Any CPU
		{CE6FB4FC-1103-472B-B0AD-794372C9656B}.Debug|Any CPU.ActiveCfg = Debug|Any CPU
		{CE6FB4FC-1103-472B-B0AD-794372C9656B}.Debug|Any CPU.Build.0 = Debug|Any CPU
		{CE6FB4FC-1103-472B-B0AD-794372C9656B}.Release|Any CPU.ActiveCfg = Release|Any CPU
		{CE6FB4FC-1103-472B-B0AD-794372C9656B}.Release|Any CPU.Build.0 = Release|Any CPU
		{9E5280EF-7C04-4FEE-A2E5-4F477F67D1BD}.Debug|Any CPU.ActiveCfg = Debug|Any CPU
		{9E5280EF-7C04-4FEE-A2E5-4F477F67D1BD}.Debug|Any CPU.Build.0 = Debug|Any CPU
		{9E5280EF-7C04-4FEE-A2E5-4F477F67D1BD}.Release|Any CPU.ActiveCfg = Release|Any CPU
		{9E5280EF-7C04-4FEE-A2E5-4F477F67D1BD}.Release|Any CPU.Build.0 = Release|Any CPU
		{A2DC1328-47D3-4E42-8E34-B860F1A7ADB0}.Debug|Any CPU.ActiveCfg = Debug|Any CPU
		{A2DC1328-47D3-4E42-8E34-B860F1A7ADB0}.Debug|Any CPU.Build.0 = Debug|Any CPU
		{A2DC1328-47D3-4E42-8E34-B860F1A7ADB0}.Release|Any CPU.ActiveCfg = Release|Any CPU
		{A2DC1328-47D3-4E42-8E34-B860F1A7ADB0}.Release|Any CPU.Build.0 = Release|Any CPU
		{C686F807-6CFE-4044-9A09-96C847C05639}.Debug|Any CPU.ActiveCfg = Debug|Any CPU
		{C686F807-6CFE-4044-9A09-96C847C05639}.Debug|Any CPU.Build.0 = Debug|Any CPU
		{C686F807-6CFE-4044-9A09-96C847C05639}.Release|Any CPU.ActiveCfg = Release|Any CPU
		{C686F807-6CFE-4044-9A09-96C847C05639}.Release|Any CPU.Build.0 = Release|Any CPU
		{5ED93C6C-67B2-4FCC-92E7-B384A0993EEF}.Debug|Any CPU.ActiveCfg = Debug|Any CPU
		{5ED93C6C-67B2-4FCC-92E7-B384A0993EEF}.Debug|Any CPU.Build.0 = Debug|Any CPU
		{5ED93C6C-67B2-4FCC-92E7-B384A0993EEF}.Release|Any CPU.ActiveCfg = Release|Any CPU
		{5ED93C6C-67B2-4FCC-92E7-B384A0993EEF}.Release|Any CPU.Build.0 = Release|Any CPU
		{1D9C0FB5-C42D-4056-891B-F602EE5567DD}.Debug|Any CPU.ActiveCfg = Debug|Any CPU
		{1D9C0FB5-C42D-4056-891B-F602EE5567DD}.Debug|Any CPU.Build.0 = Debug|Any CPU
		{1D9C0FB5-C42D-4056-891B-F602EE5567DD}.Release|Any CPU.ActiveCfg = Release|Any CPU
		{1D9C0FB5-C42D-4056-891B-F602EE5567DD}.Release|Any CPU.Build.0 = Release|Any CPU
		{32B7D96D-9EA4-48CA-B927-485BEE32D491}.Debug|Any CPU.ActiveCfg = Debug|Any CPU
		{32B7D96D-9EA4-48CA-B927-485BEE32D491}.Debug|Any CPU.Build.0 = Debug|Any CPU
		{32B7D96D-9EA4-48CA-B927-485BEE32D491}.Release|Any CPU.ActiveCfg = Release|Any CPU
		{32B7D96D-9EA4-48CA-B927-485BEE32D491}.Release|Any CPU.Build.0 = Release|Any CPU
		{571654DF-1260-4ED9-BF18-48ECD26891CB}.Debug|Any CPU.ActiveCfg = Debug|Any CPU
		{571654DF-1260-4ED9-BF18-48ECD26891CB}.Debug|Any CPU.Build.0 = Debug|Any CPU
		{571654DF-1260-4ED9-BF18-48ECD26891CB}.Release|Any CPU.ActiveCfg = Release|Any CPU
		{571654DF-1260-4ED9-BF18-48ECD26891CB}.Release|Any CPU.Build.0 = Release|Any CPU
		{F2FAE477-69A2-48CD-892F-CA61FC8E51AD}.Debug|Any CPU.ActiveCfg = Debug|Any CPU
		{F2FAE477-69A2-48CD-892F-CA61FC8E51AD}.Debug|Any CPU.Build.0 = Debug|Any CPU
		{F2FAE477-69A2-48CD-892F-CA61FC8E51AD}.Release|Any CPU.ActiveCfg = Release|Any CPU
		{F2FAE477-69A2-48CD-892F-CA61FC8E51AD}.Release|Any CPU.Build.0 = Release|Any CPU
		{B34F746B-42B1-4857-8592-B249C1F6AF22}.Debug|Any CPU.ActiveCfg = Debug|Any CPU
		{B34F746B-42B1-4857-8592-B249C1F6AF22}.Debug|Any CPU.Build.0 = Debug|Any CPU
		{B34F746B-42B1-4857-8592-B249C1F6AF22}.Release|Any CPU.ActiveCfg = Release|Any CPU
		{B34F746B-42B1-4857-8592-B249C1F6AF22}.Release|Any CPU.Build.0 = Release|Any CPU
		{5CF6536F-5BEF-43AB-AA9F-B18AE2BA74B6}.Debug|Any CPU.ActiveCfg = Debug|Any CPU
		{5CF6536F-5BEF-43AB-AA9F-B18AE2BA74B6}.Debug|Any CPU.Build.0 = Debug|Any CPU
		{5CF6536F-5BEF-43AB-AA9F-B18AE2BA74B6}.Release|Any CPU.ActiveCfg = Release|Any CPU
		{5CF6536F-5BEF-43AB-AA9F-B18AE2BA74B6}.Release|Any CPU.Build.0 = Release|Any CPU
		{B4C16C5B-D37B-4D0F-A24C-8FCC3995B596}.Debug|Any CPU.ActiveCfg = Debug|Any CPU
		{B4C16C5B-D37B-4D0F-A24C-8FCC3995B596}.Debug|Any CPU.Build.0 = Debug|Any CPU
		{B4C16C5B-D37B-4D0F-A24C-8FCC3995B596}.Release|Any CPU.ActiveCfg = Release|Any CPU
		{B4C16C5B-D37B-4D0F-A24C-8FCC3995B596}.Release|Any CPU.Build.0 = Release|Any CPU
		{206DF5CA-415E-4FAB-B58A-1136D441EF07}.Debug|Any CPU.ActiveCfg = Debug|Any CPU
		{206DF5CA-415E-4FAB-B58A-1136D441EF07}.Debug|Any CPU.Build.0 = Debug|Any CPU
		{206DF5CA-415E-4FAB-B58A-1136D441EF07}.Release|Any CPU.ActiveCfg = Release|Any CPU
		{206DF5CA-415E-4FAB-B58A-1136D441EF07}.Release|Any CPU.Build.0 = Release|Any CPU
		{F1989D75-8DC3-437D-8AAA-F6C70658FAD5}.Debug|Any CPU.ActiveCfg = Debug|Any CPU
		{F1989D75-8DC3-437D-8AAA-F6C70658FAD5}.Debug|Any CPU.Build.0 = Debug|Any CPU
		{F1989D75-8DC3-437D-8AAA-F6C70658FAD5}.Release|Any CPU.ActiveCfg = Release|Any CPU
		{F1989D75-8DC3-437D-8AAA-F6C70658FAD5}.Release|Any CPU.Build.0 = Release|Any CPU
		{8461D26C-1756-4095-832C-CCA0C3E89FF1}.Debug|Any CPU.ActiveCfg = Debug|Any CPU
		{8461D26C-1756-4095-832C-CCA0C3E89FF1}.Debug|Any CPU.Build.0 = Debug|Any CPU
		{8461D26C-1756-4095-832C-CCA0C3E89FF1}.Release|Any CPU.ActiveCfg = Release|Any CPU
		{8461D26C-1756-4095-832C-CCA0C3E89FF1}.Release|Any CPU.Build.0 = Release|Any CPU
		{103171A3-A7C8-4A2A-B1B4-D2A6CF0B65EA}.Debug|Any CPU.ActiveCfg = Debug|Any CPU
		{103171A3-A7C8-4A2A-B1B4-D2A6CF0B65EA}.Debug|Any CPU.Build.0 = Debug|Any CPU
		{103171A3-A7C8-4A2A-B1B4-D2A6CF0B65EA}.Release|Any CPU.ActiveCfg = Release|Any CPU
		{103171A3-A7C8-4A2A-B1B4-D2A6CF0B65EA}.Release|Any CPU.Build.0 = Release|Any CPU
		{84B94052-DAF6-4B60-AB9D-7DEC2A04B16C}.Debug|Any CPU.ActiveCfg = Debug|Any CPU
		{84B94052-DAF6-4B60-AB9D-7DEC2A04B16C}.Debug|Any CPU.Build.0 = Debug|Any CPU
		{84B94052-DAF6-4B60-AB9D-7DEC2A04B16C}.Release|Any CPU.ActiveCfg = Release|Any CPU
		{84B94052-DAF6-4B60-AB9D-7DEC2A04B16C}.Release|Any CPU.Build.0 = Release|Any CPU
		{344FD795-6CB1-4D49-BC2F-B9520400BA41}.Debug|Any CPU.ActiveCfg = Debug|Any CPU
		{344FD795-6CB1-4D49-BC2F-B9520400BA41}.Debug|Any CPU.Build.0 = Debug|Any CPU
		{344FD795-6CB1-4D49-BC2F-B9520400BA41}.Release|Any CPU.ActiveCfg = Release|Any CPU
		{344FD795-6CB1-4D49-BC2F-B9520400BA41}.Release|Any CPU.Build.0 = Release|Any CPU
		{1800077B-C892-4E2C-ABEC-B80F725DA225}.Debug|Any CPU.ActiveCfg = Debug|Any CPU
		{1800077B-C892-4E2C-ABEC-B80F725DA225}.Debug|Any CPU.Build.0 = Debug|Any CPU
		{1800077B-C892-4E2C-ABEC-B80F725DA225}.Release|Any CPU.ActiveCfg = Release|Any CPU
		{1800077B-C892-4E2C-ABEC-B80F725DA225}.Release|Any CPU.Build.0 = Release|Any CPU
	EndGlobalSection
	GlobalSection(SolutionProperties) = preSolution
		HideSolutionNode = FALSE
	EndGlobalSection
	GlobalSection(NestedProjects) = preSolution
		{0C4E3CD4-9DD8-4DCD-96F4-B14A61E317A7} = {B09A7BF6-E5F6-476F-80F5-CB1EABB923BE}
		{C740D751-3C4D-4101-9755-72531071C804} = {ADA5305D-6F1B-421E-BBF8-70436B78AAAE}
		{964260D5-590F-46B0-BA5E-564858F7AFD4} = {ADA5305D-6F1B-421E-BBF8-70436B78AAAE}
		{90F6ED21-F840-47F7-BA8A-6C0EC92C3914} = {ADA5305D-6F1B-421E-BBF8-70436B78AAAE}
		{A8EA0ED0-4A4B-4527-BBD0-9AA9B15C6445} = {ADA5305D-6F1B-421E-BBF8-70436B78AAAE}
		{85EB3D05-0311-4D30-AEF9-A236D76390C5} = {A04E4C52-01E4-47C4-9103-E8ABD2A615CD}
		{0499120D-812D-4FDF-A7E8-1981E6EAD0C7} = {A04E4C52-01E4-47C4-9103-E8ABD2A615CD}
		{ECFE18D4-8F8A-4646-8FE4-13E460DAFAFB} = {D3EB085B-6452-451C-9191-EF8A34429C55}
		{8A99B51B-4A8B-4177-9137-D518D536234C} = {D3EB085B-6452-451C-9191-EF8A34429C55}
		{5F390395-2725-4084-88E1-D09AC3B8A957} = {D3EB085B-6452-451C-9191-EF8A34429C55}
		{2289F3F1-1EEA-4DA3-9D1D-91B3DE7E5FD5} = {D3EB085B-6452-451C-9191-EF8A34429C55}
		{F31A0AAD-4C5A-4BCE-8224-A7B923A8EB60} = {D3EB085B-6452-451C-9191-EF8A34429C55}
		{7AE3CC18-DBBC-44C8-8E41-C9C0D50D93EC} = {D3EB085B-6452-451C-9191-EF8A34429C55}
		{A4FAB12A-F99F-48FC-8D39-2C89370B3977} = {D3EB085B-6452-451C-9191-EF8A34429C55}
		{4427C378-EDB6-471F-BCE6-1F486D1BF216} = {B7FB5127-FF42-44EE-BF37-30F8185435CC}
		{BB9382A7-6744-473E-B1C5-6EF9445C616F} = {B7FB5127-FF42-44EE-BF37-30F8185435CC}
		{4A834D30-3C4B-465A-AD49-C19E0D4C40FD} = {B7FB5127-FF42-44EE-BF37-30F8185435CC}
		{EAD11610-FDBB-46CE-AF8C-CBB486289811} = {B7FB5127-FF42-44EE-BF37-30F8185435CC}
		{F909BCB1-14A8-4F7F-908B-2D4D730BE0C4} = {B7FB5127-FF42-44EE-BF37-30F8185435CC}
		{BB6C14A2-A096-4CE4-B9D6-8B46D20DE7D3} = {B7FB5127-FF42-44EE-BF37-30F8185435CC}
		{9EDBF51F-DE3E-4C6D-81DD-F308EFA9C94D} = {8C4E37C7-0795-49F9-A68E-3B446596C224}
		{CDF25CA3-5479-4837-9349-7ABA40B38639} = {8C4E37C7-0795-49F9-A68E-3B446596C224}
		{DAEF44FB-FB7E-4F1E-8D17-91CA25A1E77B} = {8C4E37C7-0795-49F9-A68E-3B446596C224}
		{0EAF3E2F-B248-44EB-B7E9-7EDE13EE2AA5} = {8C4E37C7-0795-49F9-A68E-3B446596C224}
		{1B881C0B-60CB-4536-A4F5-059714C97E8B} = {32DAA1BA-C572-4AD3-AABD-C5BD9F07B89B}
		{C74F7543-85F5-46AE-A8D4-30A5511FC796} = {32DAA1BA-C572-4AD3-AABD-C5BD9F07B89B}
		{95E9C646-191C-4D57-B322-8942DE33B869} = {D24F96CA-24A6-4E63-A397-46C80E9CDFE6}
		{D3D3AB76-5AB6-4ECC-9278-08A6B6C1242B} = {D24F96CA-24A6-4E63-A397-46C80E9CDFE6}
		{51B36493-8C6B-44CB-A666-B8DBABAB26CF} = {D24F96CA-24A6-4E63-A397-46C80E9CDFE6}
		{AA2B27E8-D9D1-4F14-B1E1-3C9707E8E664} = {D24F96CA-24A6-4E63-A397-46C80E9CDFE6}
		{C701E146-5B7F-4E3E-8011-68E0D8A318BF} = {D24F96CA-24A6-4E63-A397-46C80E9CDFE6}
		{CE6FB4FC-1103-472B-B0AD-794372C9656B} = {492CB1CC-5BFF-469D-8069-D9DB2E8868A3}
		{9E5280EF-7C04-4FEE-A2E5-4F477F67D1BD} = {EE6A0B78-74A0-431D-8754-18609251524F}
		{A2DC1328-47D3-4E42-8E34-B860F1A7ADB0} = {EE6A0B78-74A0-431D-8754-18609251524F}
		{C686F807-6CFE-4044-9A09-96C847C05639} = {EE6A0B78-74A0-431D-8754-18609251524F}
		{5ED93C6C-67B2-4FCC-92E7-B384A0993EEF} = {EE6A0B78-74A0-431D-8754-18609251524F}
		{1D9C0FB5-C42D-4056-891B-F602EE5567DD} = {EE6A0B78-74A0-431D-8754-18609251524F}
		{32B7D96D-9EA4-48CA-B927-485BEE32D491} = {EE6A0B78-74A0-431D-8754-18609251524F}
		{571654DF-1260-4ED9-BF18-48ECD26891CB} = {EE6A0B78-74A0-431D-8754-18609251524F}
		{F2FAE477-69A2-48CD-892F-CA61FC8E51AD} = {EE6A0B78-74A0-431D-8754-18609251524F}
		{B34F746B-42B1-4857-8592-B249C1F6AF22} = {EE6A0B78-74A0-431D-8754-18609251524F}
		{5CF6536F-5BEF-43AB-AA9F-B18AE2BA74B6} = {1D0CE0C2-5F55-48F1-B390-64568831020E}
		{B4C16C5B-D37B-4D0F-A24C-8FCC3995B596} = {1D0CE0C2-5F55-48F1-B390-64568831020E}
		{206DF5CA-415E-4FAB-B58A-1136D441EF07} = {1D0CE0C2-5F55-48F1-B390-64568831020E}
		{F1989D75-8DC3-437D-8AAA-F6C70658FAD5} = {1D0CE0C2-5F55-48F1-B390-64568831020E}
		{8461D26C-1756-4095-832C-CCA0C3E89FF1} = {DC185965-F590-4441-929C-415D21079AC0}
		{103171A3-A7C8-4A2A-B1B4-D2A6CF0B65EA} = {DC185965-F590-4441-929C-415D21079AC0}
		{84B94052-DAF6-4B60-AB9D-7DEC2A04B16C} = {DC185965-F590-4441-929C-415D21079AC0}
		{344FD795-6CB1-4D49-BC2F-B9520400BA41} = {40884571-DF8F-4DC8-B1A0-9BFFB8CA4BEE}
		{1800077B-C892-4E2C-ABEC-B80F725DA225} = {5DD343E9-E73B-4C70-845E-EC5DC44D2E8F}
	EndGlobalSection
	GlobalSection(ExtensibilityGlobals) = postSolution
		SolutionGuid = {E2E154C5-E2D2-405B-892F-BF190576B544}
	EndGlobalSection
EndGlobal
