
Microsoft Visual Studio Solution File, Format Version 12.00
# Visual Studio Version 17
VisualStudioVersion = 17.11.35222.181
MinimumVisualStudioVersion = 10.0.40219.1
Project("{9A19103F-16F7-4668-BE54-9A1E7A4F7556}") = "Laboratorio #1", "Laboratorio #1\Laboratorio #1.csproj", "{0C4E3CD4-9DD8-4DCD-96F4-B14A61E317A7}"
EndProject
Project("{2150E333-8FDC-42A3-9474-1A3956D46DE8}") = "Laboratorio #3", "Laboratorio #3", "{ADA5305D-6F1B-421E-BBF8-70436B78AAAE}"
EndProject
Project("{9A19103F-16F7-4668-BE54-9A1E7A4F7556}") = "Laboratorio - Ejemplo", "Prueba\Laboratorio - Ejemplo.csproj", "{C740D751-3C4D-4101-9755-72531071C804}"
EndProject
Project("{9A19103F-16F7-4668-BE54-9A1E7A4F7556}") = "Laboratorio #3.1", "Prueba2\Laboratorio #3.1.csproj", "{964260D5-590F-46B0-BA5E-564858F7AFD4}"
EndProject
Project("{9A19103F-16F7-4668-BE54-9A1E7A4F7556}") = "Laboratorio #3.2", "Laboratorio #3.2\Laboratorio #3.2.csproj", "{90F6ED21-F840-47F7-BA8A-6C0EC92C3914}"
EndProject
Project("{9A19103F-16F7-4668-BE54-9A1E7A4F7556}") = "Laboratorio #3.3", "Laboratorio #3.3\Laboratorio #3.3.csproj", "{A8EA0ED0-4A4B-4527-BBD0-9AA9B15C6445}"
EndProject
Project("{2150E333-8FDC-42A3-9474-1A3956D46DE8}") = "Laboratorio #2", "Laboratorio #2", "{A04E4C52-01E4-47C4-9103-E8ABD2A615CD}"
EndProject
Project("{9A19103F-16F7-4668-BE54-9A1E7A4F7556}") = "Problema #1", "Problema #1\Problema #1.csproj", "{85EB3D05-0311-4D30-AEF9-A236D76390C5}"
EndProject
Project("{9A19103F-16F7-4668-BE54-9A1E7A4F7556}") = "Problema #2", "Problema #2\Problema #2.csproj", "{0499120D-812D-4FDF-A7E8-1981E6EAD0C7}"
EndProject
Project("{2150E333-8FDC-42A3-9474-1A3956D46DE8}") = "Laboratorio #4", "Laboratorio #4", "{D3EB085B-6452-451C-9191-EF8A34429C55}"
EndProject
Project("{FAE04EC0-301F-11D3-BF4B-00C04F79EFBC}") = "Problema #4.1", "Laboratorio #4.1\Problema #4.1.csproj", "{ECFE18D4-8F8A-4646-8FE4-13E460DAFAFB}"
EndProject
Project("{FAE04EC0-301F-11D3-BF4B-00C04F79EFBC}") = "Problema #4.2", "Problema #4.2\Problema #4.2.csproj", "{8A99B51B-4A8B-4177-9137-D518D536234C}"
EndProject
Project("{FAE04EC0-301F-11D3-BF4B-00C04F79EFBC}") = "Problema #4.3", "Problema #4.3\Problema #4.3.csproj", "{5F390395-2725-4084-88E1-D09AC3B8A957}"
EndProject
Project("{FAE04EC0-301F-11D3-BF4B-00C04F79EFBC}") = "Problema #4.4", "Problema #4.4\Problema #4.4.csproj", "{2289F3F1-1EEA-4DA3-9D1D-91B3DE7E5FD5}"
EndProject
Project("{FAE04EC0-301F-11D3-BF4B-00C04F79EFBC}") = "Problema #4.5", "Problema #4.5\Problema #4.5.csproj", "{F31A0AAD-4C5A-4BCE-8224-A7B923A8EB60}"
EndProject
Project("{FAE04EC0-301F-11D3-BF4B-00C04F79EFBC}") = "Problema #4.6", "Problema #4.6\Problema #4.6.csproj", "{7AE3CC18-DBBC-44C8-8E41-C9C0D50D93EC}"
EndProject
Project("{FAE04EC0-301F-11D3-BF4B-00C04F79EFBC}") = "Problema #4.7", "Problema #4.7\Problema #4.7.csproj", "{A4FAB12A-F99F-48FC-8D39-2C89370B3977}"
EndProject
Global
	GlobalSection(SolutionConfigurationPlatforms) = preSolution
		Debug|Any CPU = Debug|Any CPU
		Release|Any CPU = Release|Any CPU
	EndGlobalSection
	GlobalSection(ProjectConfigurationPlatforms) = postSolution
		{0C4E3CD4-9DD8-4DCD-96F4-B14A61E317A7}.Debug|Any CPU.ActiveCfg = Debug|Any CPU
		{0C4E3CD4-9DD8-4DCD-96F4-B14A61E317A7}.Debug|Any CPU.Build.0 = Debug|Any CPU
		{0C4E3CD4-9DD8-4DCD-96F4-B14A61E317A7}.Release|Any CPU.ActiveCfg = Release|Any CPU
		{0C4E3CD4-9DD8-4DCD-96F4-B14A61E317A7}.Release|Any CPU.Build.0 = Release|Any CPU
		{C740D751-3C4D-4101-9755-72531071C804}.Debug|Any CPU.ActiveCfg = Debug|Any CPU
		{C740D751-3C4D-4101-9755-72531071C804}.Debug|Any CPU.Build.0 = Debug|Any CPU
		{C740D751-3C4D-4101-9755-72531071C804}.Release|Any CPU.ActiveCfg = Release|Any CPU
		{C740D751-3C4D-4101-9755-72531071C804}.Release|Any CPU.Build.0 = Release|Any CPU
		{964260D5-590F-46B0-BA5E-564858F7AFD4}.Debug|Any CPU.ActiveCfg = Debug|Any CPU
		{964260D5-590F-46B0-BA5E-564858F7AFD4}.Debug|Any CPU.Build.0 = Debug|Any CPU
		{964260D5-590F-46B0-BA5E-564858F7AFD4}.Release|Any CPU.ActiveCfg = Release|Any CPU
		{964260D5-590F-46B0-BA5E-564858F7AFD4}.Release|Any CPU.Build.0 = Release|Any CPU
		{90F6ED21-F840-47F7-BA8A-6C0EC92C3914}.Debug|Any CPU.ActiveCfg = Debug|Any CPU
		{90F6ED21-F840-47F7-BA8A-6C0EC92C3914}.Debug|Any CPU.Build.0 = Debug|Any CPU
		{90F6ED21-F840-47F7-BA8A-6C0EC92C3914}.Release|Any CPU.ActiveCfg = Release|Any CPU
		{90F6ED21-F840-47F7-BA8A-6C0EC92C3914}.Release|Any CPU.Build.0 = Release|Any CPU
		{A8EA0ED0-4A4B-4527-BBD0-9AA9B15C6445}.Debug|Any CPU.ActiveCfg = Debug|Any CPU
		{A8EA0ED0-4A4B-4527-BBD0-9AA9B15C6445}.Debug|Any CPU.Build.0 = Debug|Any CPU
		{A8EA0ED0-4A4B-4527-BBD0-9AA9B15C6445}.Release|Any CPU.ActiveCfg = Release|Any CPU
		{A8EA0ED0-4A4B-4527-BBD0-9AA9B15C6445}.Release|Any CPU.Build.0 = Release|Any CPU
		{85EB3D05-0311-4D30-AEF9-A236D76390C5}.Debug|Any CPU.ActiveCfg = Debug|Any CPU
		{85EB3D05-0311-4D30-AEF9-A236D76390C5}.Debug|Any CPU.Build.0 = Debug|Any CPU
		{85EB3D05-0311-4D30-AEF9-A236D76390C5}.Release|Any CPU.ActiveCfg = Release|Any CPU
		{85EB3D05-0311-4D30-AEF9-A236D76390C5}.Release|Any CPU.Build.0 = Release|Any CPU
		{0499120D-812D-4FDF-A7E8-1981E6EAD0C7}.Debug|Any CPU.ActiveCfg = Debug|Any CPU
		{0499120D-812D-4FDF-A7E8-1981E6EAD0C7}.Debug|Any CPU.Build.0 = Debug|Any CPU
		{0499120D-812D-4FDF-A7E8-1981E6EAD0C7}.Release|Any CPU.ActiveCfg = Release|Any CPU
		{0499120D-812D-4FDF-A7E8-1981E6EAD0C7}.Release|Any CPU.Build.0 = Release|Any CPU
		{ECFE18D4-8F8A-4646-8FE4-13E460DAFAFB}.Debug|Any CPU.ActiveCfg = Debug|Any CPU
		{ECFE18D4-8F8A-4646-8FE4-13E460DAFAFB}.Debug|Any CPU.Build.0 = Debug|Any CPU
		{ECFE18D4-8F8A-4646-8FE4-13E460DAFAFB}.Release|Any CPU.ActiveCfg = Release|Any CPU
		{ECFE18D4-8F8A-4646-8FE4-13E460DAFAFB}.Release|Any CPU.Build.0 = Release|Any CPU
		{8A99B51B-4A8B-4177-9137-D518D536234C}.Debug|Any CPU.ActiveCfg = Debug|Any CPU
		{8A99B51B-4A8B-4177-9137-D518D536234C}.Debug|Any CPU.Build.0 = Debug|Any CPU
		{8A99B51B-4A8B-4177-9137-D518D536234C}.Release|Any CPU.ActiveCfg = Release|Any CPU
		{8A99B51B-4A8B-4177-9137-D518D536234C}.Release|Any CPU.Build.0 = Release|Any CPU
		{5F390395-2725-4084-88E1-D09AC3B8A957}.Debug|Any CPU.ActiveCfg = Debug|Any CPU
		{5F390395-2725-4084-88E1-D09AC3B8A957}.Debug|Any CPU.Build.0 = Debug|Any CPU
		{5F390395-2725-4084-88E1-D09AC3B8A957}.Release|Any CPU.ActiveCfg = Release|Any CPU
		{5F390395-2725-4084-88E1-D09AC3B8A957}.Release|Any CPU.Build.0 = Release|Any CPU
		{2289F3F1-1EEA-4DA3-9D1D-91B3DE7E5FD5}.Debug|Any CPU.ActiveCfg = Debug|Any CPU
		{2289F3F1-1EEA-4DA3-9D1D-91B3DE7E5FD5}.Debug|Any CPU.Build.0 = Debug|Any CPU
		{2289F3F1-1EEA-4DA3-9D1D-91B3DE7E5FD5}.Release|Any CPU.ActiveCfg = Release|Any CPU
		{2289F3F1-1EEA-4DA3-9D1D-91B3DE7E5FD5}.Release|Any CPU.Build.0 = Release|Any CPU
		{F31A0AAD-4C5A-4BCE-8224-A7B923A8EB60}.Debug|Any CPU.ActiveCfg = Debug|Any CPU
		{F31A0AAD-4C5A-4BCE-8224-A7B923A8EB60}.Debug|Any CPU.Build.0 = Debug|Any CPU
		{F31A0AAD-4C5A-4BCE-8224-A7B923A8EB60}.Release|Any CPU.ActiveCfg = Release|Any CPU
		{F31A0AAD-4C5A-4BCE-8224-A7B923A8EB60}.Release|Any CPU.Build.0 = Release|Any CPU
		{7AE3CC18-DBBC-44C8-8E41-C9C0D50D93EC}.Debug|Any CPU.ActiveCfg = Debug|Any CPU
		{7AE3CC18-DBBC-44C8-8E41-C9C0D50D93EC}.Debug|Any CPU.Build.0 = Debug|Any CPU
		{7AE3CC18-DBBC-44C8-8E41-C9C0D50D93EC}.Release|Any CPU.ActiveCfg = Release|Any CPU
		{7AE3CC18-DBBC-44C8-8E41-C9C0D50D93EC}.Release|Any CPU.Build.0 = Release|Any CPU
		{A4FAB12A-F99F-48FC-8D39-2C89370B3977}.Debug|Any CPU.ActiveCfg = Debug|Any CPU
		{A4FAB12A-F99F-48FC-8D39-2C89370B3977}.Debug|Any CPU.Build.0 = Debug|Any CPU
		{A4FAB12A-F99F-48FC-8D39-2C89370B3977}.Release|Any CPU.ActiveCfg = Release|Any CPU
		{A4FAB12A-F99F-48FC-8D39-2C89370B3977}.Release|Any CPU.Build.0 = Release|Any CPU
	EndGlobalSection
	GlobalSection(SolutionProperties) = preSolution
		HideSolutionNode = FALSE
	EndGlobalSection
	GlobalSection(NestedProjects) = preSolution
		{C740D751-3C4D-4101-9755-72531071C804} = {ADA5305D-6F1B-421E-BBF8-70436B78AAAE}
		{964260D5-590F-46B0-BA5E-564858F7AFD4} = {ADA5305D-6F1B-421E-BBF8-70436B78AAAE}
		{90F6ED21-F840-47F7-BA8A-6C0EC92C3914} = {ADA5305D-6F1B-421E-BBF8-70436B78AAAE}
		{A8EA0ED0-4A4B-4527-BBD0-9AA9B15C6445} = {ADA5305D-6F1B-421E-BBF8-70436B78AAAE}
		{85EB3D05-0311-4D30-AEF9-A236D76390C5} = {A04E4C52-01E4-47C4-9103-E8ABD2A615CD}
		{0499120D-812D-4FDF-A7E8-1981E6EAD0C7} = {A04E4C52-01E4-47C4-9103-E8ABD2A615CD}
		{ECFE18D4-8F8A-4646-8FE4-13E460DAFAFB} = {D3EB085B-6452-451C-9191-EF8A34429C55}
		{8A99B51B-4A8B-4177-9137-D518D536234C} = {D3EB085B-6452-451C-9191-EF8A34429C55}
		{5F390395-2725-4084-88E1-D09AC3B8A957} = {D3EB085B-6452-451C-9191-EF8A34429C55}
		{2289F3F1-1EEA-4DA3-9D1D-91B3DE7E5FD5} = {D3EB085B-6452-451C-9191-EF8A34429C55}
		{F31A0AAD-4C5A-4BCE-8224-A7B923A8EB60} = {D3EB085B-6452-451C-9191-EF8A34429C55}
		{7AE3CC18-DBBC-44C8-8E41-C9C0D50D93EC} = {D3EB085B-6452-451C-9191-EF8A34429C55}
		{A4FAB12A-F99F-48FC-8D39-2C89370B3977} = {D3EB085B-6452-451C-9191-EF8A34429C55}
	EndGlobalSection
	GlobalSection(ExtensibilityGlobals) = postSolution
		SolutionGuid = {E2E154C5-E2D2-405B-892F-BF190576B544}
	EndGlobalSection
EndGlobal
